
Microsoft Visual Studio Solution File, Format Version 12.00
# Visual Studio Version 16
VisualStudioVersion = 16.0.29230.47
MinimumVisualStudioVersion = 10.0.40219.1
Project("{9092AA53-FB77-4645-B42D-1CCCA6BD08BD}") = "artist-directory", "artist-directory\artist-directory.njsproj", "{97741EB4-E396-4910-87EA-1D822D0E8E69}"
EndProject
Global
	GlobalSection(SolutionConfigurationPlatforms) = preSolution
		Debug|Any CPU = Debug|Any CPU
		Release|Any CPU = Release|Any CPU
	EndGlobalSection
	GlobalSection(ProjectConfigurationPlatforms) = postSolution
		{97741EB4-E396-4910-87EA-1D822D0E8E69}.Debug|Any CPU.ActiveCfg = Debug|Any CPU
		{97741EB4-E396-4910-87EA-1D822D0E8E69}.Debug|Any CPU.Build.0 = Debug|Any CPU
		{97741EB4-E396-4910-87EA-1D822D0E8E69}.Release|Any CPU.ActiveCfg = Release|Any CPU
		{97741EB4-E396-4910-87EA-1D822D0E8E69}.Release|Any CPU.Build.0 = Release|Any CPU
	EndGlobalSection
	GlobalSection(SolutionProperties) = preSolution
		HideSolutionNode = FALSE
	EndGlobalSection
	GlobalSection(ExtensibilityGlobals) = postSolution
		SolutionGuid = {5B0A64AE-C4E1-4E8E-AD65-410D75F4ABD4}
	EndGlobalSection
EndGlobal
